github.com/google/uuid v1.3.0 h1:t6JiXgmwXMjEs8VusXIJk2BXHsn+wx8BZdTaoZ5fu7I=
github.com/google/uuid v1.3.0/go.mod h1:TIyPZe4MgqvfeYDBFedMoGGpEw/LqOeaOT+nhxU+yHo=
github.com/jeffotoni/quick v0.0.0-20230429041001-326e789d1352 h1:Vt6Ssj00BJ8JQg67AYNNzCJ0eSsB5MNXhr/HvqNDNK0=
github.com/jeffotoni/quick v0.0.0-20230429041001-326e789d1352/go.mod h1:6Kc6049ek72X6ir1HyyXbT2b8H06vOzEzuynIlsrVZE=
